
Microsoft Visual Studio Solution File, Format Version 12.00
# Visual Studio Version 16
VisualStudioVersion = 16.0.30104.148
MinimumVisualStudioVersion = 10.0.40219.1
Project("{FAE04EC0-301F-11D3-BF4B-00C04F79EFBC}") = "Laurent.Chat", "Laurent.Chat.csproj", "{1562C060-F54D-46C2-AB7B-692216688A85}"
EndProject
Global
	GlobalSection(SolutionConfigurationPlatforms) = preSolution
		Debug|Any CPU = Debug|Any CPU
		Release|Any CPU = Release|Any CPU
	EndGlobalSection
	GlobalSection(ProjectConfigurationPlatforms) = postSolution
		{1562C060-F54D-46C2-AB7B-692216688A85}.Debug|Any CPU.ActiveCfg = Debug|Any CPU
		{1562C060-F54D-46C2-AB7B-692216688A85}.Debug|Any CPU.Build.0 = Debug|Any CPU
		{1562C060-F54D-46C2-AB7B-692216688A85}.Release|Any CPU.ActiveCfg = Release|Any CPU
		{1562C060-F54D-46C2-AB7B-692216688A85}.Release|Any CPU.Build.0 = Release|Any CPU
	EndGlobalSection
	GlobalSection(SolutionProperties) = preSolution
		HideSolutionNode = FALSE
	EndGlobalSection
	GlobalSection(ExtensibilityGlobals) = postSolution
		SolutionGuid = {4F7979C1-A9DB-4309-BB0F-DD5F0ED5C650}
	EndGlobalSection
EndGlobal
